{
  "nodes": {
    "agenix": {
      "inputs": {
        "nixpkgs": [
          "nixpkgs"
        ]
      },
      "locked": {
        "lastModified": 1790734419,
        "narHash": "sha256-n7wew722m1OTBT9DOIMxNX/NF4zfsSUABAO5eW3wikE=",
        "owner": "ryantm",
        "repo": "agenix",
        "rev": "3daa710894355fa2fad8243380af373a2b4046ef",
        "type": "github"
      },
      "original": {
        "owner": "ryantm",
        "repo": "agenix",
        "type": "github"
      }
    },
    "beacon": {
      "flake": false,
      "locked": {
        "lastModified": 1719294964,
        "narHash": "sha256-x/79mRkwwT+sNrnf8QqocsaQtM+Rx6BUvVj5Nnv5JDY=",
        "owner": "DanilaMihailov",
        "repo": "beacon.nvim",
        "rev": "098ff96c33874339d5e61656f3050dbd587d6bd5",
        "type": "github"
      },
      "original": {
        "owner": "DanilaMihailov",
        "repo": "beacon.nvim",
        "type": "github"
      }
    },
    "blink-cmp": {
      "inputs": {
        "blink-lib": [
          "blink-lib"
        ],
        "nixpkgs": [
          "nixpkgs"
        ]
      },
      "locked": {
        "lastModified": 1789947894,
        "narHash": "sha256-q45b6kcK/Ld2geQuYN78HVoXJ+bQM7ufWlB/z6ORz0Q=",
        "owner": "Saghen",
        "repo": "blink.cmp",
        "rev": "8219b58f1c11a2fb1644d3c7116c509fa8348ec0",
        "type": "github"
      },
      "original": {
        "owner": "Saghen",
        "repo": "blink.cmp",
        "type": "github"
      }
    },
    "blink-lib": {
      "inputs": {
        "nixpkgs": [
          "nixpkgs"
        ]
      },
      "locked": {
        "lastModified": 1788784595,
        "narHash": "sha256-CyDv8bRHjGKpn/qDMaplDBcqwQl73ZPkhjmvzkizF/I=",
        "owner": "saghen",
        "repo": "blink.lib",
        "rev": "fd9a48ebbe6ec30d5dfcc5b42c243941ccdca1aa",
        "type": "github"
      },
      "original": {
        "owner": "saghen",
        "repo": "blink.lib",
        "type": "github"
      }
    },
    "blink-pairs": {
      "inputs": {
        "blink-lib": [
          "blink-lib"
        ],
        "nixpkgs": [
          "nixpkgs"
        ]
      },
      "locked": {
        "lastModified": 1789249383,
        "narHash": "sha256-VHMZkfD8u78Ng56dPuIl+8m/i3kWXcwhetPcO4+48Xc=",
        "owner": "Saghen",
        "repo": "blink.pairs",
        "rev": "ef8fc29c8afa0fc1d0eb611a1a76fd87f0951f6e",
        "type": "github"
      },
      "original": {
        "owner": "Saghen",
        "repo": "blink.pairs",
        "type": "github"
      }
    },
    "colloid-kde": {
      "flake": false,
      "locked": {
        "lastModified": 1751784383,
        "narHash": "sha256-CWa6HnMP042jh573/x7WxYyRScN/l+jjCasiaBODljA=",
        "owner": "vinceliuice",
        "repo": "Colloid-kde",
        "rev": "b768904d10ba9fcb95abfb59538eab100b1fed1e",
        "type": "github"
      },
      "original": {
        "owner": "vinceliuice",
        "repo": "Colloid-kde",
        "type": "github"
      }
    },
    "flake-compat": {
      "locked": {
        "lastModified": 1767039857,
        "narHash": "sha256-vNpUSpF5Nuw8xvDLj2KCwwksIbjua2LZCqhV1LNRDns=",
        "owner": "edolstra",
        "repo": "flake-compat",
        "rev": "5edf11c44bc78a0d334f6334cdaf7d60d732daab",
        "type": "github"
      },
      "original": {
        "owner": "edolstra",
        "repo": "flake-compat",
        "type": "github"
      }
    },
    "flake-parts": {
      "inputs": {
        "nixpkgs-lib": [
          "nixvim",
          "nixpkgs"
        ]
      },
      "locked": {
        "lastModified": 1788450739,
        "narHash": "sha256-glZLQlzIn1fXH6PazR2iUmTo7kzzyYSshrWhLS9TqCU=",
        "owner": "hercules-ci",
        "repo": "flake-parts",
        "rev": "31729ca8cbdb4fa927b34e5f4353e6a83f39e993",
        "type": "github"
      },
      "original": {
        "owner": "hercules-ci",
        "repo": "flake-parts",
        "type": "github"
      }
    },
    "home-manager": {
      "inputs": {
        "nixpkgs": [
          "nixpkgs"
        ]
      },
      "locked": {
        "lastModified": 1790989254,
        "narHash": "sha256-ZN+riaeFuE+DZ5zfqJiXlM12jLwZzeIXiNkU1YeHMXI=",
        "owner": "nix-community",
        "repo": "home-manager",
        "rev": "acd21c5a3420a9d5fd0ed06299b10828267ef9ba",
        "type": "github"
      },
      "original": {
        "owner": "nix-community",
        "repo": "home-manager",
        "type": "github"
      }
    },
    "im-select": {
      "flake": false,
      "locked": {
        "lastModified": 1773872696,
        "narHash": "sha256-5FXpF7tKpJcF++eBnnd2SJeVGc2k1exa4g/k93Medjw=",
        "owner": "keaising",
        "repo": "im-select.nvim",
        "rev": "963a4e9d528ef8a8d328eeff690593b0146d30e2",
        "type": "github"
      },
      "original": {
        "owner": "keaising",
        "repo": "im-select.nvim",
        "type": "github"
      }
    },
    "lxgw-bright": {
      "flake": false,
      "locked": {
        "lastModified": 1782325687,
        "narHash": "sha256-pTqO513NBttQOjeHd4XP6IOx/k0WMFU57bJriJyvL+E=",
        "owner": "lxgw",
        "repo": "LxgwBright",
        "rev": "f9e978f4944cb36b081941a001e92a02e7dcc3d3",
        "type": "github"
      },
      "original": {
        "owner": "lxgw",
        "repo": "LxgwBright",
        "type": "github"
      }
    },
    "mmdb": {
      "flake": false,
      "locked": {
        "lastModified": 1790895544,
        "narHash": "sha256-VmMkXdNhyFV4gW5MzJWXbUP19eh7aoCm4+41QAcEcIM=",
        "owner": "alecthw",
        "repo": "mmdb_china_ip_list",
        "rev": "e9dbd092df70700f14cfe0203757d0c368034423",
        "type": "github"
      },
      "original": {
        "owner": "alecthw",
        "ref": "release",
        "repo": "mmdb_china_ip_list",
        "type": "github"
      }
    },
    "nautilus-image-converter": {
      "flake": false,
      "locked": {
        "lastModified": 1664679780,
        "narHash": "sha256-ZUCGI7EQd6UmkRnWdGBqWXAUauHybrtE9i7YPNF/BbY=",
        "ref": "master",
        "rev": "e643b6328fb14605db0c298b937d6bf583fbaa55",
        "revCount": 81,
        "type": "git",
        "url": "https://gitlab.gnome.org/coreyberla/nautilus-image-converter.git"
      },
      "original": {
        "ref": "master",
        "type": "git",
        "url": "https://gitlab.gnome.org/coreyberla/nautilus-image-converter.git"
      }
    },
    "navbuddy": {
      "flake": false,
      "locked": {
        "lastModified": 1746961661,
        "narHash": "sha256-cabDiT088N8ugpXKSOOjO/5Q2W33ITv39GKA0AM0M48=",
        "owner": "hasansujon786",
        "repo": "nvim-navbuddy",
        "rev": "18802efb91bcfafc54aed513ef97da1dfeae4059",
        "type": "github"
      },
      "original": {
        "owner": "hasansujon786",
        "repo": "nvim-navbuddy",
        "type": "github"
      }
    },
    "nix-alien": {
      "inputs": {
        "flake-compat": "flake-compat",
        "nix-index-database": "nix-index-database",
        "nixpkgs": "nixpkgs"
      },
      "locked": {
        "lastModified": 1789478421,
        "narHash": "sha256-38OKZCaTtcvj3LIicEy/1lbxEKS0ZL7wCkJxzxClQw0=",
        "owner": "thiagokokada",
        "repo": "nix-alien",
        "rev": "0cca578c63e9055d2514e456d78d6f42bdd1eca2",
        "type": "github"
      },
      "original": {
        "owner": "thiagokokada",
        "repo": "nix-alien",
        "type": "github"
      }
    },
    "nix-flatpak": {
      "locked": {
        "lastModified": 1790428548,
        "narHash": "sha256-OsZ/I7v3ArCrk0XOUvkiU1dFtGtE1qZTHRGjvBXIKUU=",
        "owner": "gmodena",
        "repo": "nix-flatpak",
        "rev": "f1f045fc8b35ff59f88982c1752d3f3a42ca6a61",
        "type": "github"
      },
      "original": {
        "owner": "gmodena",
        "repo": "nix-flatpak",
        "type": "github"
      }
    },
    "nix-index-database": {
      "inputs": {
        "nixpkgs": [
          "nix-alien",
          "nixpkgs"
        ]
      },
      "locked": {
        "lastModified": 1789286446,
        "narHash": "sha256-xVstyCdg0DpzjyrEacm72VJAIP9DMhfWJdPDzhWxHuo=",
        "owner": "nix-community",
        "repo": "nix-index-database",
        "rev": "a74e173407559083a412ea89a1cc58ea389c3b65",
        "type": "github"
      },
      "original": {
        "owner": "nix-community",
        "repo": "nix-index-database",
        "type": "github"
      }
    },
    "nixpkgs": {
      "locked": {
        "lastModified": 1789286504,
        "narHash": "sha256-eiEK7cKZORNEvX0GeF3RtNEF/JXhgf2RqSp3230q13E=",
        "owner": "NixOS",
        "repo": "nixpkgs",
        "rev": "ef34387ddd751e1ab8857adf4676492d32eb24ec",
        "type": "github"
      },
      "original": {
        "owner": "NixOS",
        "ref": "nixos-unstable",
        "repo": "nixpkgs",
        "type": "github"
      }
    },
    "nixpkgs-stable": {
      "locked": {
        "lastModified": 1790920529,
        "narHash": "sha256-nQyFkMR78WP6PiXKkDW2SjqzLf/spQqjRuxRGSbcV8k=",
        "owner": "nixos",
        "repo": "nixpkgs",
        "rev": "774debe7a0d1b496e35677ad955a1011c6ff74f3",
        "type": "github"
      },
      "original": {
        "owner": "nixos",
        "ref": "nixos-26.05",
        "repo": "nixpkgs",
        "type": "github"
      }
    },
    "nixpkgs_2": {
      "locked": {
        "lastModified": 1790822859,
        "narHash": "sha256-69xHQhAeMAD2wDXO7T2pcOZIF9Sga2W+JkmY2a11Ops=",
        "owner": "NixOS",
        "repo": "nixpkgs",
        "rev": "c59305bab2065cfecc4944690d9eedbb56f3a9fa",
        "type": "github"
      },
      "original": {
        "owner": "NixOS",
        "ref": "nixos-unstable",
        "repo": "nixpkgs",
        "type": "github"
      }
    },
    "nixvim": {
      "inputs": {
        "flake-parts": "flake-parts",
        "nixpkgs": [
          "nixpkgs"
        ],
        "systems": "systems"
      },
      "locked": {
        "lastModified": 1790928658,
        "narHash": "sha256-EeMn6SmrBe4gnxaMyb3NZYMXG8FPF9PY0OCcbPDFFNI=",
        "owner": "nix-community",
        "repo": "nixvim",
        "rev": "1cdfef1a6eb583d65b606b04fc97687491479d62",
        "type": "github"
      },
      "original": {
        "owner": "nix-community",
        "repo": "nixvim",
        "type": "github"
      }
    },
    "root": {
      "inputs": {
        "agenix": "agenix",
        "beacon": "beacon",
        "blink-cmp": "blink-cmp",
        "blink-lib": "blink-lib",
        "blink-pairs": "blink-pairs",
        "colloid-kde": "colloid-kde",
        "home-manager": "home-manager",
        "im-select": "im-select",
        "lxgw-bright": "lxgw-bright",
        "mmdb": "mmdb",
        "nautilus-image-converter": "nautilus-image-converter",
        "navbuddy": "navbuddy",
        "nix-alien": "nix-alien",
        "nix-flatpak": "nix-flatpak",
        "nixpkgs": "nixpkgs_2",
        "nixpkgs-stable": "nixpkgs-stable",
        "nixvim": "nixvim",
        "rose-pine-zellij": "rose-pine-zellij",
        "search-replace": "search-replace"
      }
    },
    "rose-pine-zellij": {
      "flake": false,
      "locked": {
        "lastModified": 1762352818,
        "narHash": "sha256-eilCRSweo0wk4z6snBWFC67NMVvytfDfJqGWVXg6QRc=",
        "owner": "rose-pine",
        "repo": "zellij",
        "rev": "f4b7c27f9515d964a78e07da8332530a45f060d5",
        "type": "github"
      },
      "original": {
        "owner": "rose-pine",
        "repo": "zellij",
        "type": "github"
      }
    },
    "search-replace": {
      "flake": false,
      "locked": {
        "lastModified": 1694253952,
        "narHash": "sha256-hEdEBDeHbJc3efgo7djktX4RemAiX8ZvQlJIEoAgkPM=",
        "owner": "roobert",
        "repo": "search-replace.nvim",
        "rev": "d92290a02d97f4e9b8cd60d28b56b403432158d5",
        "type": "github"
      },
      "original": {
        "owner": "roobert",
        "repo": "search-replace.nvim",
        "type": "github"
      }
    },
    "systems": {
      "flake": false,
      "locked": {
        "lastModified": 1774449309,
        "narHash": "sha256-brhZ8DmuGtzkCYHJg4HEd602amKm89Y9ytsFZ5uWD1w=",
        "owner": "nix-systems",
        "repo": "default",
        "rev": "c29398b59d2048c4ab79345812849c9bd15e9150",
        "type": "github"
      },
      "original": {
        "owner": "nix-systems",
        "ref": "future-26.11",
        "repo": "default",
        "type": "github"
      }
    }
  },
  "root": "root",
  "version": 7
}
