{
  "nodes": {
    "aegisub": {
      "flake": false,
      "locked": {
        "lastModified": 1777833524,
        "narHash": "sha256-E0Dw2IMXK99XBU4E3PYZ+KPQGWtZMm+76bpaR+ejlcg=",
        "owner": "arch1t3cht",
        "repo": "Aegisub",
        "rev": "e79aa896bd676400c2fbbb9e625bc58b491358da",
        "type": "github"
      },
      "original": {
        "owner": "arch1t3cht",
        "ref": "migration03-02",
        "repo": "Aegisub",
        "type": "github"
      }
    },
    "agenix": {
      "inputs": {
        "darwin": "darwin",
        "home-manager": "home-manager",
        "nixpkgs": [
          "nixpkgs"
        ],
        "systems": "systems"
      },
      "locked": {
        "lastModified": 1770165109,
        "narHash": "sha256-9VnK6Oqai65puVJ4WYtCTvlJeXxMzAp/69HhQuTdl/I=",
        "owner": "ryantm",
        "repo": "agenix",
        "rev": "b027ee29d959fda4b60b57566d64c98a202e0feb",
        "type": "github"
      },
      "original": {
        "owner": "ryantm",
        "repo": "agenix",
        "type": "github"
      }
    },
    "ags": {
      "inputs": {
        "astal": [
          "astal"
        ],
        "nixpkgs": [
          "nixpkgs"
        ]
      },
      "locked": {
        "lastModified": 1775689345,
        "narHash": "sha256-tM3s7CX+tgxlYW0Sk3nzVThg2MHn08foIuMxABupxIs=",
        "owner": "aylur",
        "repo": "ags",
        "rev": "bbee2f18939f1ec7ff720e717cf305e73635628f",
        "type": "github"
      },
      "original": {
        "owner": "aylur",
        "repo": "ags",
        "type": "github"
      }
    },
    "astal": {
      "inputs": {
        "nixpkgs": [
          "nixpkgs"
        ]
      },
      "locked": {
        "lastModified": 1783119102,
        "narHash": "sha256-bXd034/ARs18ZQ7hWUAw9NwyfBmcKQws8DQHzwYp6jM=",
        "owner": "aylur",
        "repo": "astal",
        "rev": "04454c22094401cc8e682cfe1f8ecc3194cac5f9",
        "type": "github"
      },
      "original": {
        "owner": "aylur",
        "repo": "astal",
        "type": "github"
      }
    },
    "beacon": {
      "flake": false,
      "locked": {
        "lastModified": 1719294964,
        "narHash": "sha256-x/79mRkwwT+sNrnf8QqocsaQtM+Rx6BUvVj5Nnv5JDY=",
        "owner": "DanilaMihailov",
        "repo": "beacon.nvim",
        "rev": "098ff96c33874339d5e61656f3050dbd587d6bd5",
        "type": "github"
      },
      "original": {
        "owner": "DanilaMihailov",
        "repo": "beacon.nvim",
        "type": "github"
      }
    },
    "blink-lib": {
      "inputs": {
        "nixpkgs": [
          "blink-pairs",
          "nixpkgs"
        ]
      },
      "locked": {
        "lastModified": 1780479614,
        "narHash": "sha256-YlvnmeKny7pGL5+tAqtZK84WxJ/vKwCMG5CP9xJEnUg=",
        "owner": "saghen",
        "repo": "blink.lib",
        "rev": "b127d48bf8e9ac9cf41f6e0fbead317503f76558",
        "type": "github"
      },
      "original": {
        "owner": "saghen",
        "repo": "blink.lib",
        "type": "github"
      }
    },
    "blink-pairs": {
      "inputs": {
        "blink-lib": "blink-lib",
        "nixpkgs": [
          "nixpkgs"
        ]
      },
      "locked": {
        "lastModified": 1781880466,
        "narHash": "sha256-Vbk0einYXpmqbHerw7YK38zp+m1x4QKpgRrVS3TBNYU=",
        "owner": "Saghen",
        "repo": "blink.pairs",
        "rev": "d0f00431105f773ae50cdc0fa03208448f5f829e",
        "type": "github"
      },
      "original": {
        "owner": "Saghen",
        "repo": "blink.pairs",
        "type": "github"
      }
    },
    "darwin": {
      "inputs": {
        "nixpkgs": [
          "agenix",
          "nixpkgs"
        ]
      },
      "locked": {
        "lastModified": 1744478979,
        "narHash": "sha256-dyN+teG9G82G+m+PX/aSAagkC+vUv0SgUw3XkPhQodQ=",
        "owner": "lnl7",
        "repo": "nix-darwin",
        "rev": "43975d782b418ebf4969e9ccba82466728c2851b",
        "type": "github"
      },
      "original": {
        "owner": "lnl7",
        "ref": "master",
        "repo": "nix-darwin",
        "type": "github"
      }
    },
    "duckduckgo-mcp-server": {
      "flake": false,
      "locked": {
        "lastModified": 1782935544,
        "narHash": "sha256-zjKe2Hwm2AaF/LnVwJIkA8nO2e19CEB2e5IVkNsK5X4=",
        "owner": "nickclyde",
        "repo": "duckduckgo-mcp-server",
        "rev": "8992977d65a086995c82826ceead42e890aa17c1",
        "type": "github"
      },
      "original": {
        "owner": "nickclyde",
        "repo": "duckduckgo-mcp-server",
        "type": "github"
      }
    },
    "flake-compat": {
      "locked": {
        "lastModified": 1767039857,
        "narHash": "sha256-vNpUSpF5Nuw8xvDLj2KCwwksIbjua2LZCqhV1LNRDns=",
        "owner": "edolstra",
        "repo": "flake-compat",
        "rev": "5edf11c44bc78a0d334f6334cdaf7d60d732daab",
        "type": "github"
      },
      "original": {
        "owner": "edolstra",
        "repo": "flake-compat",
        "type": "github"
      }
    },
    "flake-parts": {
      "inputs": {
        "nixpkgs-lib": [
          "nixpak",
          "nixpkgs"
        ]
      },
      "locked": {
        "lastModified": 1782949081,
        "narHash": "sha256-vp6Y/Grm98ESt6ceOkWiHWyZRDV3J1RID4w+6NWK9yA=",
        "owner": "hercules-ci",
        "repo": "flake-parts",
        "rev": "17c9d6cdfc60c64f4ee8d306f9bc0b4ccb51481e",
        "type": "github"
      },
      "original": {
        "owner": "hercules-ci",
        "repo": "flake-parts",
        "type": "github"
      }
    },
    "flake-parts_2": {
      "inputs": {
        "nixpkgs-lib": [
          "nixvim",
          "nixpkgs"
        ]
      },
      "locked": {
        "lastModified": 1782949081,
        "narHash": "sha256-vp6Y/Grm98ESt6ceOkWiHWyZRDV3J1RID4w+6NWK9yA=",
        "owner": "hercules-ci",
        "repo": "flake-parts",
        "rev": "17c9d6cdfc60c64f4ee8d306f9bc0b4ccb51481e",
        "type": "github"
      },
      "original": {
        "owner": "hercules-ci",
        "repo": "flake-parts",
        "type": "github"
      }
    },
    "hercules-ci-effects": {
      "inputs": {
        "flake-parts": [
          "nixpak",
          "flake-parts"
        ],
        "nixpkgs": [
          "nixpak",
          "nixpkgs"
        ]
      },
      "locked": {
        "lastModified": 1781499420,
        "narHash": "sha256-vy0EiuiLRKWbXYOqdEKoy5ImlbHcdMC52x9BcC/MwQ8=",
        "owner": "hercules-ci",
        "repo": "hercules-ci-effects",
        "rev": "86c7c78a840b44b1a0a5cbc7e9baa0154c0d0f3f",
        "type": "github"
      },
      "original": {
        "owner": "hercules-ci",
        "repo": "hercules-ci-effects",
        "type": "github"
      }
    },
    "home-manager": {
      "inputs": {
        "nixpkgs": [
          "agenix",
          "nixpkgs"
        ]
      },
      "locked": {
        "lastModified": 1745494811,
        "narHash": "sha256-YZCh2o9Ua1n9uCvrvi5pRxtuVNml8X2a03qIFfRKpFs=",
        "owner": "nix-community",
        "repo": "home-manager",
        "rev": "abfad3d2958c9e6300a883bd443512c55dfeb1be",
        "type": "github"
      },
      "original": {
        "owner": "nix-community",
        "repo": "home-manager",
        "type": "github"
      }
    },
    "home-manager_2": {
      "inputs": {
        "nixpkgs": [
          "nixpkgs"
        ]
      },
      "locked": {
        "lastModified": 1783618078,
        "narHash": "sha256-F43DGcBoIO8xOZFAfodg3jy0VghB9NGdb6xbTYAIx1A=",
        "owner": "nix-community",
        "repo": "home-manager",
        "rev": "144f4e36d0186195037da9fce80a727108978070",
        "type": "github"
      },
      "original": {
        "owner": "nix-community",
        "repo": "home-manager",
        "type": "github"
      }
    },
    "im-select": {
      "flake": false,
      "locked": {
        "lastModified": 1773872696,
        "narHash": "sha256-5FXpF7tKpJcF++eBnnd2SJeVGc2k1exa4g/k93Medjw=",
        "owner": "keaising",
        "repo": "im-select.nvim",
        "rev": "963a4e9d528ef8a8d328eeff690593b0146d30e2",
        "type": "github"
      },
      "original": {
        "owner": "keaising",
        "repo": "im-select.nvim",
        "type": "github"
      }
    },
    "lxgw-bright": {
      "flake": false,
      "locked": {
        "lastModified": 1782325687,
        "narHash": "sha256-pTqO513NBttQOjeHd4XP6IOx/k0WMFU57bJriJyvL+E=",
        "owner": "lxgw",
        "repo": "LxgwBright",
        "rev": "f9e978f4944cb36b081941a001e92a02e7dcc3d3",
        "type": "github"
      },
      "original": {
        "owner": "lxgw",
        "repo": "LxgwBright",
        "type": "github"
      }
    },
    "mikan": {
      "flake": false,
      "locked": {
        "lastModified": 1773657152,
        "narHash": "sha256-QAVF1VHwHSPs98L69p0KPO4xVEvKX+73pQ8MiAwfxjo=",
        "type": "tarball",
        "url": "https://github.com/iota9star/mikan_flutter/releases/latest/download/linux-release.zip"
      },
      "original": {
        "type": "tarball",
        "url": "https://github.com/iota9star/mikan_flutter/releases/latest/download/linux-release.zip"
      }
    },
    "mmdb": {
      "flake": false,
      "locked": {
        "lastModified": 1783629876,
        "narHash": "sha256-Yps0asrOT5hJwl7gAjBHclkBYoasISkioHxvKtKwj4c=",
        "owner": "alecthw",
        "repo": "mmdb_china_ip_list",
        "rev": "5f87cded1fb54ea8c90f1a38b8cb0e11a8569db6",
        "type": "github"
      },
      "original": {
        "owner": "alecthw",
        "ref": "release",
        "repo": "mmdb_china_ip_list",
        "type": "github"
      }
    },
    "nautilus-image-converter": {
      "flake": false,
      "locked": {
        "lastModified": 1664679780,
        "narHash": "sha256-ZUCGI7EQd6UmkRnWdGBqWXAUauHybrtE9i7YPNF/BbY=",
        "ref": "master",
        "rev": "e643b6328fb14605db0c298b937d6bf583fbaa55",
        "revCount": 81,
        "type": "git",
        "url": "https://gitlab.gnome.org/coreyberla/nautilus-image-converter.git"
      },
      "original": {
        "ref": "master",
        "type": "git",
        "url": "https://gitlab.gnome.org/coreyberla/nautilus-image-converter.git"
      }
    },
    "navbuddy": {
      "flake": false,
      "locked": {
        "lastModified": 1746961661,
        "narHash": "sha256-cabDiT088N8ugpXKSOOjO/5Q2W33ITv39GKA0AM0M48=",
        "owner": "hasansujon786",
        "repo": "nvim-navbuddy",
        "rev": "18802efb91bcfafc54aed513ef97da1dfeae4059",
        "type": "github"
      },
      "original": {
        "owner": "hasansujon786",
        "repo": "nvim-navbuddy",
        "type": "github"
      }
    },
    "niri": {
      "inputs": {
        "niri-stable": "niri-stable",
        "niri-unstable": "niri-unstable",
        "nixpkgs": [
          "nixpkgs"
        ],
        "nixpkgs-stable": "nixpkgs-stable",
        "xwayland-satellite-stable": "xwayland-satellite-stable",
        "xwayland-satellite-unstable": "xwayland-satellite-unstable"
      },
      "locked": {
        "lastModified": 1783526091,
        "narHash": "sha256-Zkkil0e8Wg5BcBmJkWJwBXlETefYQbYKw72xJUIBPLE=",
        "owner": "sodiboo",
        "repo": "niri-flake",
        "rev": "a24d4c0dce53fd8dbeb9ad20411e282c7b9875f1",
        "type": "github"
      },
      "original": {
        "owner": "sodiboo",
        "repo": "niri-flake",
        "type": "github"
      }
    },
    "niri-stable": {
      "flake": false,
      "locked": {
        "lastModified": 1756556321,
        "narHash": "sha256-RLD89dfjN0RVO86C/Mot0T7aduCygPGaYbog566F0Qo=",
        "owner": "YaLTeR",
        "repo": "niri",
        "rev": "01be0e65f4eb91a9cd624ac0b76aaeab765c7294",
        "type": "github"
      },
      "original": {
        "owner": "YaLTeR",
        "ref": "v25.08",
        "repo": "niri",
        "type": "github"
      }
    },
    "niri-unstable": {
      "flake": false,
      "locked": {
        "lastModified": 1783522755,
        "narHash": "sha256-dI0HkX1djETia7cD/Y64h8BNIsSOfTRMzfNum2J6UhE=",
        "owner": "YaLTeR",
        "repo": "niri",
        "rev": "0777769e719b7c9b7c980d4ea66288bfbb4da5b3",
        "type": "github"
      },
      "original": {
        "owner": "YaLTeR",
        "repo": "niri",
        "type": "github"
      }
    },
    "nix-alien": {
      "inputs": {
        "flake-compat": "flake-compat",
        "nix-index-database": "nix-index-database",
        "nixpkgs": "nixpkgs"
      },
      "locked": {
        "lastModified": 1782206964,
        "narHash": "sha256-n6nn0A3U3FnHWa9Y+dWNiuQnMDrcndQplgE0ooiexG8=",
        "owner": "thiagokokada",
        "repo": "nix-alien",
        "rev": "4fc9de6d1f215cf1679da04cf8749e085dd027d7",
        "type": "github"
      },
      "original": {
        "owner": "thiagokokada",
        "repo": "nix-alien",
        "type": "github"
      }
    },
    "nix-index-database": {
      "inputs": {
        "nixpkgs": [
          "nix-alien",
          "nixpkgs"
        ]
      },
      "locked": {
        "lastModified": 1781422160,
        "narHash": "sha256-W7S8O86bVrw2gaomEwkHStOzmPpnFIHQ6lS4Q2HffJ0=",
        "owner": "nix-community",
        "repo": "nix-index-database",
        "rev": "854d04e2368fb2e9c328a36b3c0a04cd713bfae1",
        "type": "github"
      },
      "original": {
        "owner": "nix-community",
        "repo": "nix-index-database",
        "type": "github"
      }
    },
    "nixpak": {
      "inputs": {
        "flake-parts": "flake-parts",
        "hercules-ci-effects": "hercules-ci-effects",
        "nixpkgs": [
          "nixpkgs"
        ]
      },
      "locked": {
        "lastModified": 1783563769,
        "narHash": "sha256-FGH7qC3qDIyEb/9E3IcLnndKf2gXKGJDmDLcAaCWkL8=",
        "owner": "nixpak",
        "repo": "nixpak",
        "rev": "64ba378bd5273663aae10870daf65c955849ccb0",
        "type": "github"
      },
      "original": {
        "owner": "nixpak",
        "repo": "nixpak",
        "type": "github"
      }
    },
    "nixpkgs": {
      "locked": {
        "lastModified": 1781074563,
        "narHash": "sha256-md8WlXOlfnIeHeOScMTTHFyf2d6iaTwPl2apR5EQ3P4=",
        "owner": "NixOS",
        "repo": "nixpkgs",
        "rev": "9ae611a455b90cf061d8f332b977e387bda8e1ca",
        "type": "github"
      },
      "original": {
        "owner": "NixOS",
        "ref": "nixos-unstable",
        "repo": "nixpkgs",
        "type": "github"
      }
    },
    "nixpkgs-stable": {
      "locked": {
        "lastModified": 1782847189,
        "narHash": "sha256-twXPFqFsrrY5r28Zh7Homgcp2gUMBgQ6WDS98Q/3xFI=",
        "owner": "NixOS",
        "repo": "nixpkgs",
        "rev": "b6018f87da91d19d0ab4cf979885689b469cdd41",
        "type": "github"
      },
      "original": {
        "owner": "NixOS",
        "ref": "nixos-25.11",
        "repo": "nixpkgs",
        "type": "github"
      }
    },
    "nixpkgs-stable_2": {
      "locked": {
        "lastModified": 1783389287,
        "narHash": "sha256-0xIy4dVLqq47rA+mRy0hXDfjhQd4E5PoIns/RmB7nR4=",
        "owner": "nixos",
        "repo": "nixpkgs",
        "rev": "0ad6f47ea4fe188f4bc8f0380f93ae8523337c6c",
        "type": "github"
      },
      "original": {
        "owner": "nixos",
        "ref": "nixos-26.05",
        "repo": "nixpkgs",
        "type": "github"
      }
    },
    "nixpkgs_2": {
      "locked": {
        "lastModified": 1783224372,
        "narHash": "sha256-8i/87eeoqiGE4yOTjwSA3Eh/ziJRQEmd/unYU+K27sk=",
        "owner": "NixOS",
        "repo": "nixpkgs",
        "rev": "d407951447dcd00442e97087bf374aad70c04cea",
        "type": "github"
      },
      "original": {
        "owner": "NixOS",
        "ref": "nixos-unstable",
        "repo": "nixpkgs",
        "type": "github"
      }
    },
    "nixpkgs_3": {
      "locked": {
        "lastModified": 1783224372,
        "narHash": "sha256-FGQ8TfSm9WviNE/fQAWsKs+y4GkX8fU4EScewpw54Y8=",
        "rev": "d407951447dcd00442e97087bf374aad70c04cea",
        "type": "tarball",
        "url": "https://releases.nixos.org/nixos/unstable/nixos-26.11pre1027867.d407951447dc/nixexprs.tar.xz"
      },
      "original": {
        "type": "tarball",
        "url": "https://channels.nixos.org/nixos-unstable/nixexprs.tar.xz"
      }
    },
    "nixvim": {
      "inputs": {
        "flake-parts": "flake-parts_2",
        "nixpkgs": [
          "nixpkgs"
        ],
        "systems": "systems_2"
      },
      "locked": {
        "lastModified": 1783647864,
        "narHash": "sha256-gtVkWD4SbsvQQ8aSFEsrUTxxyuim4/ZC6lBJmA+sE/k=",
        "owner": "nix-community",
        "repo": "nixvim",
        "rev": "ebffdb62cd1604537ee51d4d23258c002f1c90f8",
        "type": "github"
      },
      "original": {
        "owner": "nix-community",
        "repo": "nixvim",
        "type": "github"
      }
    },
    "noctalia": {
      "inputs": {
        "nixpkgs": "nixpkgs_3"
      },
      "locked": {
        "lastModified": 1783618499,
        "narHash": "sha256-UwLxkIz9HDiARFVocKnGR6OAMs9XAuFRke+InNBmL1A=",
        "owner": "noctalia-dev",
        "repo": "noctalia",
        "rev": "313732302e6432d7ce41a9ce2334fdaca879dcd7",
        "type": "github"
      },
      "original": {
        "owner": "noctalia-dev",
        "repo": "noctalia",
        "type": "github"
      }
    },
    "orchis-kde": {
      "flake": false,
      "locked": {
        "lastModified": 1760791887,
        "narHash": "sha256-mO1AVrnXNdg3Rftj0cQWef/RrBgSDy5kaMHagwKywEo=",
        "owner": "vinceliuice",
        "repo": "Orchis-kde",
        "rev": "b2a96919eee40264e79db402b915f926436100ad",
        "type": "github"
      },
      "original": {
        "owner": "vinceliuice",
        "repo": "Orchis-kde",
        "type": "github"
      }
    },
    "pi-web": {
      "flake": false,
      "locked": {
        "lastModified": 1783645941,
        "narHash": "sha256-Dqc5L2z/lvI/P43G/F5j9WPpL2Fv63XGUEMz5DdiuTM=",
        "owner": "agegr",
        "repo": "pi-web",
        "rev": "82f94425e82cec05694b1cfd211842bf592697d5",
        "type": "github"
      },
      "original": {
        "owner": "agegr",
        "repo": "pi-web",
        "type": "github"
      }
    },
    "root": {
      "inputs": {
        "aegisub": "aegisub",
        "agenix": "agenix",
        "ags": "ags",
        "astal": "astal",
        "beacon": "beacon",
        "blink-pairs": "blink-pairs",
        "duckduckgo-mcp-server": "duckduckgo-mcp-server",
        "home-manager": "home-manager_2",
        "im-select": "im-select",
        "lxgw-bright": "lxgw-bright",
        "mikan": "mikan",
        "mmdb": "mmdb",
        "nautilus-image-converter": "nautilus-image-converter",
        "navbuddy": "navbuddy",
        "niri": "niri",
        "nix-alien": "nix-alien",
        "nixpak": "nixpak",
        "nixpkgs": "nixpkgs_2",
        "nixpkgs-stable": "nixpkgs-stable_2",
        "nixvim": "nixvim",
        "noctalia": "noctalia",
        "orchis-kde": "orchis-kde",
        "pi-web": "pi-web",
        "rose-pine-zellij": "rose-pine-zellij",
        "search-replace": "search-replace"
      }
    },
    "rose-pine-zellij": {
      "flake": false,
      "locked": {
        "lastModified": 1762352818,
        "narHash": "sha256-eilCRSweo0wk4z6snBWFC67NMVvytfDfJqGWVXg6QRc=",
        "owner": "rose-pine",
        "repo": "zellij",
        "rev": "f4b7c27f9515d964a78e07da8332530a45f060d5",
        "type": "github"
      },
      "original": {
        "owner": "rose-pine",
        "repo": "zellij",
        "type": "github"
      }
    },
    "search-replace": {
      "flake": false,
      "locked": {
        "lastModified": 1694253952,
        "narHash": "sha256-hEdEBDeHbJc3efgo7djktX4RemAiX8ZvQlJIEoAgkPM=",
        "owner": "roobert",
        "repo": "search-replace.nvim",
        "rev": "d92290a02d97f4e9b8cd60d28b56b403432158d5",
        "type": "github"
      },
      "original": {
        "owner": "roobert",
        "repo": "search-replace.nvim",
        "type": "github"
      }
    },
    "systems": {
      "locked": {
        "lastModified": 1681028828,
        "narHash": "sha256-Vy1rq5AaRuLzOxct8nz4T6wlgyUR7zLU309k9mBC768=",
        "owner": "nix-systems",
        "repo": "default",
        "rev": "da67096a3b9bf56a91d16901293e51ba5b49a27e",
        "type": "github"
      },
      "original": {
        "owner": "nix-systems",
        "repo": "default",
        "type": "github"
      }
    },
    "systems_2": {
      "locked": {
        "lastModified": 1774449309,
        "narHash": "sha256-brhZ8DmuGtzkCYHJg4HEd602amKm89Y9ytsFZ5uWD1w=",
        "owner": "nix-systems",
        "repo": "default",
        "rev": "c29398b59d2048c4ab79345812849c9bd15e9150",
        "type": "github"
      },
      "original": {
        "owner": "nix-systems",
        "ref": "future-26.11",
        "repo": "default",
        "type": "github"
      }
    },
    "xwayland-satellite-stable": {
      "flake": false,
      "locked": {
        "lastModified": 1755491097,
        "narHash": "sha256-m+9tUfsmBeF2Gn4HWa6vSITZ4Gz1eA1F5Kh62B0N4oE=",
        "owner": "Supreeeme",
        "repo": "xwayland-satellite",
        "rev": "388d291e82ffbc73be18169d39470f340707edaa",
        "type": "github"
      },
      "original": {
        "owner": "Supreeeme",
        "ref": "v0.7",
        "repo": "xwayland-satellite",
        "type": "github"
      }
    },
    "xwayland-satellite-unstable": {
      "flake": false,
      "locked": {
        "lastModified": 1781226823,
        "narHash": "sha256-28696iIw8uE0ZUyFTtzhEM8xMh85clCYypMxkvUi+sc=",
        "owner": "Supreeeme",
        "repo": "xwayland-satellite",
        "rev": "8575d0ef55d70f9b4c46b6bffb3accf912217e1e",
        "type": "github"
      },
      "original": {
        "owner": "Supreeeme",
        "repo": "xwayland-satellite",
        "type": "github"
      }
    }
  },
  "root": "root",
  "version": 7
}
